
Microsoft Visual Studio Solution File, Format Version 12.00
# Visual Studio Version 16
VisualStudioVersion = 16.0.29920.165
MinimumVisualStudioVersion = 10.0.40219.1
Project("{FAE04EC0-301F-11D3-BF4B-00C04F79EFBC}") = "nr_complexe", "nr_complexe\nr_complexe.csproj", "{666E89B5-6425-41F8-A78D-8717D4CC0EFD}"
EndProject
Global
	GlobalSection(SolutionConfigurationPlatforms) = preSolution
		Debug|Any CPU = Debug|Any CPU
		Release|Any CPU = Release|Any CPU
	EndGlobalSection
	GlobalSection(ProjectConfigurationPlatforms) = postSolution
		{666E89B5-6425-41F8-A78D-8717D4CC0EFD}.Debug|Any CPU.ActiveCfg = Debug|Any CPU
		{666E89B5-6425-41F8-A78D-8717D4CC0EFD}.Debug|Any CPU.Build.0 = Debug|Any CPU
		{666E89B5-6425-41F8-A78D-8717D4CC0EFD}.Release|Any CPU.ActiveCfg = Release|Any CPU
		{666E89B5-6425-41F8-A78D-8717D4CC0EFD}.Release|Any CPU.Build.0 = Release|Any CPU
	EndGlobalSection
	GlobalSection(SolutionProperties) = preSolution
		HideSolutionNode = FALSE
	EndGlobalSection
	GlobalSection(ExtensibilityGlobals) = postSolution
		SolutionGuid = {6123CCB7-8F16-4A06-9E2E-3804BB508C0E}
	EndGlobalSection
EndGlobal
