
Microsoft Visual Studio Solution File, Format Version 12.00
# Visual Studio Version 16
VisualStudioVersion = 16.0.29920.165
MinimumVisualStudioVersion = 10.0.40219.1
Project("{FAE04EC0-301F-11D3-BF4B-00C04F79EFBC}") = "BigNum", "BigNum\BigNum.csproj", "{1CEC10B1-EAD7-453D-8749-C3DD7B6FEF67}"
EndProject
Global
	GlobalSection(SolutionConfigurationPlatforms) = preSolution
		Debug|Any CPU = Debug|Any CPU
		Release|Any CPU = Release|Any CPU
	EndGlobalSection
	GlobalSection(ProjectConfigurationPlatforms) = postSolution
		{1CEC10B1-EAD7-453D-8749-C3DD7B6FEF67}.Debug|Any CPU.ActiveCfg = Debug|Any CPU
		{1CEC10B1-EAD7-453D-8749-C3DD7B6FEF67}.Debug|Any CPU.Build.0 = Debug|Any CPU
		{1CEC10B1-EAD7-453D-8749-C3DD7B6FEF67}.Release|Any CPU.ActiveCfg = Release|Any CPU
		{1CEC10B1-EAD7-453D-8749-C3DD7B6FEF67}.Release|Any CPU.Build.0 = Release|Any CPU
	EndGlobalSection
	GlobalSection(SolutionProperties) = preSolution
		HideSolutionNode = FALSE
	EndGlobalSection
	GlobalSection(ExtensibilityGlobals) = postSolution
		SolutionGuid = {C791D023-E256-4A93-87E2-B70CDBD384C6}
	EndGlobalSection
EndGlobal
