
Microsoft Visual Studio Solution File, Format Version 12.00
# Visual Studio Version 16
VisualStudioVersion = 16.0.29920.165
MinimumVisualStudioVersion = 10.0.40219.1
Project("{FAE04EC0-301F-11D3-BF4B-00C04F79EFBC}") = "Sort", "Sort\Sort.csproj", "{0FED76CF-116B-4A44-9464-4D72D5FE526E}"
EndProject
Global
	GlobalSection(SolutionConfigurationPlatforms) = preSolution
		Debug|Any CPU = Debug|Any CPU
		Release|Any CPU = Release|Any CPU
	EndGlobalSection
	GlobalSection(ProjectConfigurationPlatforms) = postSolution
		{0FED76CF-116B-4A44-9464-4D72D5FE526E}.Debug|Any CPU.ActiveCfg = Debug|Any CPU
		{0FED76CF-116B-4A44-9464-4D72D5FE526E}.Debug|Any CPU.Build.0 = Debug|Any CPU
		{0FED76CF-116B-4A44-9464-4D72D5FE526E}.Release|Any CPU.ActiveCfg = Release|Any CPU
		{0FED76CF-116B-4A44-9464-4D72D5FE526E}.Release|Any CPU.Build.0 = Release|Any CPU
	EndGlobalSection
	GlobalSection(SolutionProperties) = preSolution
		HideSolutionNode = FALSE
	EndGlobalSection
	GlobalSection(ExtensibilityGlobals) = postSolution
		SolutionGuid = {3C42F042-F50C-4DDB-8DF3-5FA7E120A363}
	EndGlobalSection
EndGlobal
